
Microsoft Visual Studio Solution File, Format Version 12.00
# Visual Studio Version 17
VisualStudioVersion = 17.5.002.0
MinimumVisualStudioVersion = 10.0.40219.1
Project("{9A19103F-16F7-4668-BE54-9A1E7A4F7556}") = "ReverseString", "ReverseString.csproj", "{885526B2-1F51-48B4-88A3-D6D5558C33AF}"
EndProject
Global
	GlobalSection(SolutionConfigurationPlatforms) = preSolution
		Debug|Any CPU = Debug|Any CPU
		Release|Any CPU = Release|Any CPU
	EndGlobalSection
	GlobalSection(ProjectConfigurationPlatforms) = postSolution
		{885526B2-1F51-48B4-88A3-D6D5558C33AF}.Debug|Any CPU.ActiveCfg = Debug|Any CPU
		{885526B2-1F51-48B4-88A3-D6D5558C33AF}.Debug|Any CPU.Build.0 = Debug|Any CPU
		{885526B2-1F51-48B4-88A3-D6D5558C33AF}.Release|Any CPU.ActiveCfg = Release|Any CPU
		{885526B2-1F51-48B4-88A3-D6D5558C33AF}.Release|Any CPU.Build.0 = Release|Any CPU
	EndGlobalSection
	GlobalSection(SolutionProperties) = preSolution
		HideSolutionNode = FALSE
	EndGlobalSection
	GlobalSection(ExtensibilityGlobals) = postSolution
		SolutionGuid = {2B9B09E6-F5FB-497A-817F-CE8B184148D3}
	EndGlobalSection
EndGlobal
