
Microsoft Visual Studio Solution File, Format Version 12.00
# Visual Studio Version 17
VisualStudioVersion = 17.5.002.0
MinimumVisualStudioVersion = 10.0.40219.1
Project("{9A19103F-16F7-4668-BE54-9A1E7A4F7556}") = "FindTheSum", "Arrays\FindTheSum\FindTheSum.csproj", "{FF7BB3C3-029F-476E-B970-8483988F2BBA}"
EndProject
Project("{2150E333-8FDC-42A3-9474-1A3956D46DE8}") = "Arrays", "Arrays", "{1287227E-959E-4481-8DDE-39FDF5C971F0}"
EndProject
Project("{FAE04EC0-301F-11D3-BF4B-00C04F79EFBC}") = "ReverseString", "Arrays\ReverseString\ReverseString.csproj", "{9A161F5F-2A5A-473D-9D97-2D7BB55DEB41}"
EndProject
Project("{FAE04EC0-301F-11D3-BF4B-00C04F79EFBC}") = "MergeArrays", "Arrays\MergeArrays\MergeArrays.csproj", "{09706412-C825-4101-AEB0-EE2878D819AE}"
EndProject
Project("{FAE04EC0-301F-11D3-BF4B-00C04F79EFBC}") = "MaximumSubArray", "Arrays\MaximumSubArray\MaximumSubArray.csproj", "{85551CD7-C9AD-4523-A840-816E6C86B8BA}"
EndProject
Project("{FAE04EC0-301F-11D3-BF4B-00C04F79EFBC}") = "LongestWord", "Arrays\LongestWord\LongestWord.csproj", "{814EC09A-5C2C-4811-85F4-52103938885D}"
EndProject
Project("{FAE04EC0-301F-11D3-BF4B-00C04F79EFBC}") = "MoveZeros", "Arrays\MoveZeros\MoveZeros.csproj", "{09DC8240-F3EF-46C1-91FE-AC237114D980}"
EndProject
Project("{2150E333-8FDC-42A3-9474-1A3956D46DE8}") = "HashTables", "HashTables", "{86572A7F-D1FC-4424-98D1-F550C0F62691}"
EndProject
Project("{FAE04EC0-301F-11D3-BF4B-00C04F79EFBC}") = "OwnHashTable", "HashTables\OwnHashTable\OwnHashTable.csproj", "{300C92A2-987E-4673-A00B-F2DF1E3BE82F}"
EndProject
Global
	GlobalSection(SolutionConfigurationPlatforms) = preSolution
		Debug|Any CPU = Debug|Any CPU
		Release|Any CPU = Release|Any CPU
	EndGlobalSection
	GlobalSection(ProjectConfigurationPlatforms) = postSolution
		{FF7BB3C3-029F-476E-B970-8483988F2BBA}.Debug|Any CPU.ActiveCfg = Debug|Any CPU
		{FF7BB3C3-029F-476E-B970-8483988F2BBA}.Debug|Any CPU.Build.0 = Debug|Any CPU
		{FF7BB3C3-029F-476E-B970-8483988F2BBA}.Release|Any CPU.ActiveCfg = Release|Any CPU
		{FF7BB3C3-029F-476E-B970-8483988F2BBA}.Release|Any CPU.Build.0 = Release|Any CPU
		{9A161F5F-2A5A-473D-9D97-2D7BB55DEB41}.Debug|Any CPU.ActiveCfg = Debug|Any CPU
		{9A161F5F-2A5A-473D-9D97-2D7BB55DEB41}.Debug|Any CPU.Build.0 = Debug|Any CPU
		{9A161F5F-2A5A-473D-9D97-2D7BB55DEB41}.Release|Any CPU.ActiveCfg = Release|Any CPU
		{9A161F5F-2A5A-473D-9D97-2D7BB55DEB41}.Release|Any CPU.Build.0 = Release|Any CPU
		{09706412-C825-4101-AEB0-EE2878D819AE}.Debug|Any CPU.ActiveCfg = Debug|Any CPU
		{09706412-C825-4101-AEB0-EE2878D819AE}.Debug|Any CPU.Build.0 = Debug|Any CPU
		{09706412-C825-4101-AEB0-EE2878D819AE}.Release|Any CPU.ActiveCfg = Release|Any CPU
		{09706412-C825-4101-AEB0-EE2878D819AE}.Release|Any CPU.Build.0 = Release|Any CPU
		{85551CD7-C9AD-4523-A840-816E6C86B8BA}.Debug|Any CPU.ActiveCfg = Debug|Any CPU
		{85551CD7-C9AD-4523-A840-816E6C86B8BA}.Debug|Any CPU.Build.0 = Debug|Any CPU
		{85551CD7-C9AD-4523-A840-816E6C86B8BA}.Release|Any CPU.ActiveCfg = Release|Any CPU
		{85551CD7-C9AD-4523-A840-816E6C86B8BA}.Release|Any CPU.Build.0 = Release|Any CPU
		{814EC09A-5C2C-4811-85F4-52103938885D}.Debug|Any CPU.ActiveCfg = Debug|Any CPU
		{814EC09A-5C2C-4811-85F4-52103938885D}.Debug|Any CPU.Build.0 = Debug|Any CPU
		{814EC09A-5C2C-4811-85F4-52103938885D}.Release|Any CPU.ActiveCfg = Release|Any CPU
		{814EC09A-5C2C-4811-85F4-52103938885D}.Release|Any CPU.Build.0 = Release|Any CPU
		{09DC8240-F3EF-46C1-91FE-AC237114D980}.Debug|Any CPU.ActiveCfg = Debug|Any CPU
		{09DC8240-F3EF-46C1-91FE-AC237114D980}.Debug|Any CPU.Build.0 = Debug|Any CPU
		{09DC8240-F3EF-46C1-91FE-AC237114D980}.Release|Any CPU.ActiveCfg = Release|Any CPU
		{09DC8240-F3EF-46C1-91FE-AC237114D980}.Release|Any CPU.Build.0 = Release|Any CPU
		{300C92A2-987E-4673-A00B-F2DF1E3BE82F}.Debug|Any CPU.ActiveCfg = Debug|Any CPU
		{300C92A2-987E-4673-A00B-F2DF1E3BE82F}.Debug|Any CPU.Build.0 = Debug|Any CPU
		{300C92A2-987E-4673-A00B-F2DF1E3BE82F}.Release|Any CPU.ActiveCfg = Release|Any CPU
		{300C92A2-987E-4673-A00B-F2DF1E3BE82F}.Release|Any CPU.Build.0 = Release|Any CPU
	EndGlobalSection
	GlobalSection(SolutionProperties) = preSolution
		HideSolutionNode = FALSE
	EndGlobalSection
	GlobalSection(ExtensibilityGlobals) = postSolution
		SolutionGuid = {28EB4D55-F1BE-468C-80C2-B3850D7661A7}
	EndGlobalSection
	GlobalSection(NestedProjects) = preSolution
		{9A161F5F-2A5A-473D-9D97-2D7BB55DEB41} = {1287227E-959E-4481-8DDE-39FDF5C971F0}
		{09706412-C825-4101-AEB0-EE2878D819AE} = {1287227E-959E-4481-8DDE-39FDF5C971F0}
		{85551CD7-C9AD-4523-A840-816E6C86B8BA} = {1287227E-959E-4481-8DDE-39FDF5C971F0}
		{814EC09A-5C2C-4811-85F4-52103938885D} = {1287227E-959E-4481-8DDE-39FDF5C971F0}
		{09DC8240-F3EF-46C1-91FE-AC237114D980} = {1287227E-959E-4481-8DDE-39FDF5C971F0}
		{300C92A2-987E-4673-A00B-F2DF1E3BE82F} = {86572A7F-D1FC-4424-98D1-F550C0F62691}
	EndGlobalSection
EndGlobal
